// !$*UTF8*$!
{
	archiveVersion = 1;
	classes = {
	};
	objectVersion = 50;
	objects = {

/* Begin PBXBuildFile section */
		3707C85C24C8BB0900A0A24E /* Constants.swift in Sources */ = {isa = PBXBuildFile; fileRef = 3707C85B24C8BB0900A0A24E /* Constants.swift */; };
		3707C85E24C8C04700A0A24E /* RequestManager.swift in Sources */ = {isa = PBXBuildFile; fileRef = 3707C85D24C8C04700A0A24E /* RequestManager.swift */; };
		3707C86024C8C40400A0A24E /* Result.swift in Sources */ = {isa = PBXBuildFile; fileRef = 3707C85F24C8C40400A0A24E /* Result.swift */; };
		375AF5A024C8B4C50039985E /* AppDelegate.swift in Sources */ = {isa = PBXBuildFile; fileRef = 375AF59F24C8B4C50039985E /* AppDelegate.swift */; };
		375AF5A224C8B4C50039985E /* SceneDelegate.swift in Sources */ = {isa = PBXBuildFile; fileRef = 375AF5A124C8B4C50039985E /* SceneDelegate.swift */; };
		375AF5A424C8B4C50039985E /* MainVC.swift in Sources */ = {isa = PBXBuildFile; fileRef = 375AF5A324C8B4C50039985E /* MainVC.swift */; };
		375AF5A724C8B4C50039985E /* Main.storyboard in Resources */ = {isa = PBXBuildFile; fileRef = 375AF5A524C8B4C50039985E /* Main.storyboard */; };
		375AF5A924C8B4C70039985E /* Assets.xcassets in Resources */ = {isa = PBXBuildFile; fileRef = 375AF5A824C8B4C70039985E /* Assets.xcassets */; };
		375AF5AC24C8B4C70039985E /* LaunchScreen.storyboard in Resources */ = {isa = PBXBuildFile; fileRef = 375AF5AA24C8B4C70039985E /* LaunchScreen.storyboard */; };
/* End PBXBuildFile section */

/* Begin PBXFileReference section */
		3707C85B24C8BB0900A0A24E /* Constants.swift */ = {isa = PBXFileReference; lastKnownFileType = sourcecode.swift; path = Constants.swift; sourceTree = "<group>"; };
		3707C85D24C8C04700A0A24E /* RequestManager.swift */ = {isa = PBXFileReference; lastKnownFileType = sourcecode.swift; path = RequestManager.swift; sourceTree = "<group>"; };
		3707C85F24C8C40400A0A24E /* Result.swift */ = {isa = PBXFileReference; lastKnownFileType = sourcecode.swift; path = Result.swift; sourceTree = "<group>"; };
		375AF59C24C8B4C50039985E /* SearchApp.app */ = {isa = PBXFileReference; explicitFileType = wrapper.application; includeInIndex = 0; path = SearchApp.app; sourceTree = BUILT_PRODUCTS_DIR; };
		375AF59F24C8B4C50039985E /* AppDelegate.swift */ = {isa = PBXFileReference; lastKnownFileType = sourcecode.swift; path = AppDelegate.swift; sourceTree = "<group>"; };
		375AF5A124C8B4C50039985E /* SceneDelegate.swift */ = {isa = PBXFileReference; lastKnownFileType = sourcecode.swift; path = SceneDelegate.swift; sourceTree = "<group>"; };
		375AF5A324C8B4C50039985E /* MainVC.swift */ = {isa = PBXFileReference; lastKnownFileType = sourcecode.swift; path = MainVC.swift; sourceTree = "<group>"; };
		375AF5A624C8B4C50039985E /* Base */ = {isa = PBXFileReference; lastKnownFileType = file.storyboard; name = Base; path = Base.lproj/Main.storyboard; sourceTree = "<group>"; };
		375AF5A824C8B4C70039985E /* Assets.xcassets */ = {isa = PBXFileReference; lastKnownFileType = folder.assetcatalog; path = Assets.xcassets; sourceTree = "<group>"; };
		375AF5AB24C8B4C70039985E /* Base */ = {isa = PBXFileReference; lastKnownFileType = file.storyboard; name = Base; path = Base.lproj/LaunchScreen.storyboard; sourceTree = "<group>"; };
		375AF5AD24C8B4C70039985E /* Info.plist */ = {isa = PBXFileReference; lastKnownFileType = text.plist.xml; path = Info.plist; sourceTree = "<group>"; };
/* End PBXFileReference section */

/* Begin PBXFrameworksBuildPhase section */
		375AF59924C8B4C50039985E /* Frameworks */ = {
			isa = PBXFrameworksBuildPhase;
			buildActionMask = 2147483647;
			files = (
			);
			runOnlyForDeploymentPostprocessing = 0;
		};
/* End PBXFrameworksBuildPhase section */

/* Begin PBXGroup section */
		375AF59324C8B4C50039985E = {
			isa = PBXGroup;
			children = (
				375AF59E24C8B4C50039985E /* SearchApp */,
				375AF59D24C8B4C50039985E /* Products */,
			);
			sourceTree = "<group>";
		};
		375AF59D24C8B4C50039985E /* Products */ = {
			isa = PBXGroup;
			children = (
				375AF59C24C8B4C50039985E /* SearchApp.app */,
			);
			name = Products;
			sourceTree = "<group>";
		};
		375AF59E24C8B4C50039985E /* SearchApp */ = {
			isa = PBXGroup;
			children = (
				375AF5B924C8B5EA0039985E /* AppDelegate */,
				375AF5B824C8B5E50039985E /* Model */,
				375AF5B724C8B5E10039985E /* View */,
				375AF5B624C8B5DA0039985E /* Storyboards */,
				375AF5B524C8B5D40039985E /* Controller */,
				375AF5B424C8B5CD0039985E /* Supporting Files */,
				375AF5B324C8B5C50039985E /* Resources */,
				375AF5AD24C8B4C70039985E /* Info.plist */,
			);
			path = SearchApp;
			sourceTree = "<group>";
		};
		375AF5B324C8B5C50039985E /* Resources */ = {
			isa = PBXGroup;
			children = (
				375AF5A824C8B4C70039985E /* Assets.xcassets */,
			);
			path = Resources;
			sourceTree = "<group>";
		};
		375AF5B424C8B5CD0039985E /* Supporting Files */ = {
			isa = PBXGroup;
			children = (
				3707C85B24C8BB0900A0A24E /* Constants.swift */,
				3707C85D24C8C04700A0A24E /* RequestManager.swift */,
			);
			path = "Supporting Files";
			sourceTree = "<group>";
		};
		375AF5B524C8B5D40039985E /* Controller */ = {
			isa = PBXGroup;
			children = (
				375AF5A324C8B4C50039985E /* MainVC.swift */,
			);
			path = Controller;
			sourceTree = "<group>";
		};
		375AF5B624C8B5DA0039985E /* Storyboards */ = {
			isa = PBXGroup;
			children = (
				375AF5A524C8B4C50039985E /* Main.storyboard */,
				375AF5AA24C8B4C70039985E /* LaunchScreen.storyboard */,
			);
			path = Storyboards;
			sourceTree = "<group>";
		};
		375AF5B724C8B5E10039985E /* View */ = {
			isa = PBXGroup;
			children = (
			);
			path = View;
			sourceTree = "<group>";
		};
		375AF5B824C8B5E50039985E /* Model */ = {
			isa = PBXGroup;
			children = (
				3707C85F24C8C40400A0A24E /* Result.swift */,
			);
			path = Model;
			sourceTree = "<group>";
		};
		375AF5B924C8B5EA0039985E /* AppDelegate */ = {
			isa = PBXGroup;
			children = (
				375AF59F24C8B4C50039985E /* AppDelegate.swift */,
				375AF5A124C8B4C50039985E /* SceneDelegate.swift */,
			);
			path = AppDelegate;
			sourceTree = "<group>";
		};
/* End PBXGroup section */

/* Begin PBXNativeTarget section */
		375AF59B24C8B4C50039985E /* SearchApp */ = {
			isa = PBXNativeTarget;
			buildConfigurationList = 375AF5B024C8B4C70039985E /* Build configuration list for PBXNativeTarget "SearchApp" */;
			buildPhases = (
				375AF59824C8B4C50039985E /* Sources */,
				375AF59924C8B4C50039985E /* Frameworks */,
				375AF59A24C8B4C50039985E /* Resources */,
			);
			buildRules = (
			);
			dependencies = (
			);
			name = SearchApp;
			productName = SearchApp;
			productReference = 375AF59C24C8B4C50039985E /* SearchApp.app */;
			productType = "com.apple.product-type.application";
		};
/* End PBXNativeTarget section */

/* Begin PBXProject section */
		375AF59424C8B4C50039985E /* Project object */ = {
			isa = PBXProject;
			attributes = {
				LastSwiftUpdateCheck = 1160;
				LastUpgradeCheck = 1160;
				ORGANIZATIONNAME = "Денис Андриевский";
				TargetAttributes = {
					375AF59B24C8B4C50039985E = {
						CreatedOnToolsVersion = 11.6;
					};
				};
			};
			buildConfigurationList = 375AF59724C8B4C50039985E /* Build configuration list for PBXProject "SearchApp" */;
			compatibilityVersion = "Xcode 9.3";
			developmentRegion = en;
			hasScannedForEncodings = 0;
			knownRegions = (
				en,
				Base,
			);
			mainGroup = 375AF59324C8B4C50039985E;
			productRefGroup = 375AF59D24C8B4C50039985E /* Products */;
			projectDirPath = "";
			projectRoot = "";
			targets = (
				375AF59B24C8B4C50039985E /* SearchApp */,
			);
		};
/* End PBXProject section */

/* Begin PBXResourcesBuildPhase section */
		375AF59A24C8B4C50039985E /* Resources */ = {
			isa = PBXResourcesBuildPhase;
			buildActionMask = 2147483647;
			files = (
				375AF5AC24C8B4C70039985E /* LaunchScreen.storyboard in Resources */,
				375AF5A924C8B4C70039985E /* Assets.xcassets in Resources */,
				375AF5A724C8B4C50039985E /* Main.storyboard in Resources */,
			);
			runOnlyForDeploymentPostprocessing = 0;
		};
/* End PBXResourcesBuildPhase section */

/* Begin PBXSourcesBuildPhase section */
		375AF59824C8B4C50039985E /* Sources */ = {
			isa = PBXSourcesBuildPhase;
			buildActionMask = 2147483647;
			files = (
				3707C86024C8C40400A0A24E /* Result.swift in Sources */,
				3707C85E24C8C04700A0A24E /* RequestManager.swift in Sources */,
				375AF5A424C8B4C50039985E /* MainVC.swift in Sources */,
				375AF5A024C8B4C50039985E /* AppDelegate.swift in Sources */,
				375AF5A224C8B4C50039985E /* SceneDelegate.swift in Sources */,
				3707C85C24C8BB0900A0A24E /* Constants.swift in Sources */,
			);
			runOnlyForDeploymentPostprocessing = 0;
		};
/* End PBXSourcesBuildPhase section */

/* Begin PBXVariantGroup section */
		375AF5A524C8B4C50039985E /* Main.storyboard */ = {
			isa = PBXVariantGroup;
			children = (
				375AF5A624C8B4C50039985E /* Base */,
			);
			name = Main.storyboard;
			sourceTree = "<group>";
		};
		375AF5AA24C8B4C70039985E /* LaunchScreen.storyboard */ = {
			isa = PBXVariantGroup;
			children = (
				375AF5AB24C8B4C70039985E /* Base */,
			);
			name = LaunchScreen.storyboard;
			sourceTree = "<group>";
		};
/* End PBXVariantGroup section */

/* Begin XCBuildConfiguration section */
		375AF5AE24C8B4C70039985E /* Debug */ = {
			isa = XCBuildConfiguration;
			buildSettings = {
				ALWAYS_SEARCH_USER_PATHS = NO;
				CLANG_ANALYZER_NONNULL = YES;
				CLANG_ANALYZER_NUMBER_OBJECT_CONVERSION = YES_AGGRESSIVE;
				CLANG_CXX_LANGUAGE_STANDARD = "gnu++14";
				CLANG_CXX_LIBRARY = "libc++";
				CLANG_ENABLE_MODULES = YES;
				CLANG_ENABLE_OBJC_ARC = YES;
				CLANG_ENABLE_OBJC_WEAK = YES;
				CLANG_WARN_BLOCK_CAPTURE_AUTORELEASING = YES;
				CLANG_WARN_BOOL_CONVERSION = YES;
				CLANG_WARN_COMMA = YES;
				CLANG_WARN_CONSTANT_CONVERSION = YES;
				CLANG_WARN_DEPRECATED_OBJC_IMPLEMENTATIONS = YES;
				CLANG_WARN_DIRECT_OBJC_ISA_USAGE = YES_ERROR;
				CLANG_WARN_DOCUMENTATION_COMMENTS = YES;
				CLANG_WARN_EMPTY_BODY = YES;
				CLANG_WARN_ENUM_CONVERSION = YES;
				CLANG_WARN_INFINITE_RECURSION = YES;
				CLANG_WARN_INT_CONVERSION = YES;
				CLANG_WARN_NON_LITERAL_NULL_CONVERSION = YES;
				CLANG_WARN_OBJC_IMPLICIT_RETAIN_SELF = YES;
				CLANG_WARN_OBJC_LITERAL_CONVERSION = YES;
				CLANG_WARN_OBJC_ROOT_CLASS = YES_ERROR;
				CLANG_WARN_RANGE_LOOP_ANALYSIS = YES;
				CLANG_WARN_STRICT_PROTOTYPES = YES;
				CLANG_WARN_SUSPICIOUS_MOVE = YES;
				CLANG_WARN_UNGUARDED_AVAILABILITY = YES_AGGRESSIVE;
				CLANG_WARN_UNREACHABLE_CODE = YES;
				CLANG_WARN__DUPLICATE_METHOD_MATCH = YES;
				COPY_PHASE_STRIP = NO;
				DEBUG_INFORMATION_FORMAT = dwarf;
				ENABLE_STRICT_OBJC_MSGSEND = YES;
				ENABLE_TESTABILITY = YES;
				GCC_C_LANGUAGE_STANDARD = gnu11;
				GCC_DYNAMIC_NO_PIC = NO;
				GCC_NO_COMMON_BLOCKS = YES;
				GCC_OPTIMIZATION_LEVEL = 0;
				GCC_PREPROCESSOR_DEFINITIONS = (
					"DEBUG=1",
					"$(inherited)",
				);
				GCC_WARN_64_TO_32_BIT_CONVERSION = YES;
				GCC_WARN_ABOUT_RETURN_TYPE = YES_ERROR;
				GCC_WARN_UNDECLARED_SELECTOR = YES;
				GCC_WARN_UNINITIALIZED_AUTOS = YES_AGGRESSIVE;
				GCC_WARN_UNUSED_FUNCTION = YES;
				GCC_WARN_UNUSED_VARIABLE = YES;
				IPHONEOS_DEPLOYMENT_TARGET = 13.6;
				MTL_ENABLE_DEBUG_INFO = INCLUDE_SOURCE;
				MTL_FAST_MATH = YES;
				ONLY_ACTIVE_ARCH = YES;
				SDKROOT = iphoneos;
				SWIFT_ACTIVE_COMPILATION_CONDITIONS = DEBUG;
				SWIFT_OPTIMIZATION_LEVEL = "-Onone";
			};
			name = Debug;
		};
		375AF5AF24C8B4C70039985E /* Release */ = {
			isa = XCBuildConfiguration;
			buildSettings = {
				ALWAYS_SEARCH_USER_PATHS = NO;
				CLANG_ANALYZER_NONNULL = YES;
				CLANG_ANALYZER_NUMBER_OBJECT_CONVERSION = YES_AGGRESSIVE;
				CLANG_CXX_LANGUAGE_STANDARD = "gnu++14";
				CLANG_CXX_LIBRARY = "libc++";
				CLANG_ENABLE_MODULES = YES;
				CLANG_ENABLE_OBJC_ARC = YES;
				CLANG_ENABLE_OBJC_WEAK = YES;
				CLANG_WARN_BLOCK_CAPTURE_AUTORELEASING = YES;
				CLANG_WARN_BOOL_CONVERSION = YES;
				CLANG_WARN_COMMA = YES;
				CLANG_WARN_CONSTANT_CONVERSION = YES;
				CLANG_WARN_DEPRECATED_OBJC_IMPLEMENTATIONS = YES;
				CLANG_WARN_DIRECT_OBJC_ISA_USAGE = YES_ERROR;
				CLANG_WARN_DOCUMENTATION_COMMENTS = YES;
				CLANG_WARN_EMPTY_BODY = YES;
				CLANG_WARN_ENUM_CONVERSION = YES;
				CLANG_WARN_INFINITE_RECURSION = YES;
				CLANG_WARN_INT_CONVERSION = YES;
				CLANG_WARN_NON_LITERAL_NULL_CONVERSION = YES;
				CLANG_WARN_OBJC_IMPLICIT_RETAIN_SELF = YES;
				CLANG_WARN_OBJC_LITERAL_CONVERSION = YES;
				CLANG_WARN_OBJC_ROOT_CLASS = YES_ERROR;
				CLANG_WARN_RANGE_LOOP_ANALYSIS = YES;
				CLANG_WARN_STRICT_PROTOTYPES = YES;
				CLANG_WARN_SUSPICIOUS_MOVE = YES;
				CLANG_WARN_UNGUARDED_AVAILABILITY = YES_AGGRESSIVE;
				CLANG_WARN_UNREACHABLE_CODE = YES;
				CLANG_WARN__DUPLICATE_METHOD_MATCH = YES;
				COPY_PHASE_STRIP = NO;
				DEBUG_INFORMATION_FORMAT = "dwarf-with-dsym";
				ENABLE_NS_ASSERTIONS = NO;
				ENABLE_STRICT_OBJC_MSGSEND = YES;
				GCC_C_LANGUAGE_STANDARD = gnu11;
				GCC_NO_COMMON_BLOCKS = YES;
				GCC_WARN_64_TO_32_BIT_CONVERSION = YES;
				GCC_WARN_ABOUT_RETURN_TYPE = YES_ERROR;
				GCC_WARN_UNDECLARED_SELECTOR = YES;
				GCC_WARN_UNINITIALIZED_AUTOS = YES_AGGRESSIVE;
				GCC_WARN_UNUSED_FUNCTION = YES;
				GCC_WARN_UNUSED_VARIABLE = YES;
				IPHONEOS_DEPLOYMENT_TARGET = 13.6;
				MTL_ENABLE_DEBUG_INFO = NO;
				MTL_FAST_MATH = YES;
				SDKROOT = iphoneos;
				SWIFT_COMPILATION_MODE = wholemodule;
				SWIFT_OPTIMIZATION_LEVEL = "-O";
				VALIDATE_PRODUCT = YES;
			};
			name = Release;
		};
		375AF5B124C8B4C70039985E /* Debug */ = {
			isa = XCBuildConfiguration;
			buildSettings = {
				ASSETCATALOG_COMPILER_APPICON_NAME = AppIcon;
				CODE_SIGN_STYLE = Automatic;
				DEVELOPMENT_TEAM = 452BPWXS55;
				INFOPLIST_FILE = SearchApp/Info.plist;
				IPHONEOS_DEPLOYMENT_TARGET = 11.0;
				LD_RUNPATH_SEARCH_PATHS = (
					"$(inherited)",
					"@executable_path/Frameworks",
				);
				PRODUCT_BUNDLE_IDENTIFIER = com.den444ick.SearchApp;
				PRODUCT_NAME = "$(TARGET_NAME)";
				SWIFT_VERSION = 5.0;
				TARGETED_DEVICE_FAMILY = 1;
			};
			name = Debug;
		};
		375AF5B224C8B4C70039985E /* Release */ = {
			isa = XCBuildConfiguration;
			buildSettings = {
				ASSETCATALOG_COMPILER_APPICON_NAME = AppIcon;
				CODE_SIGN_STYLE = Automatic;
				DEVELOPMENT_TEAM = 452BPWXS55;
				INFOPLIST_FILE = SearchApp/Info.plist;
				IPHONEOS_DEPLOYMENT_TARGET = 11.0;
				LD_RUNPATH_SEARCH_PATHS = (
					"$(inherited)",
					"@executable_path/Frameworks",
				);
				PRODUCT_BUNDLE_IDENTIFIER = com.den444ick.SearchApp;
				PRODUCT_NAME = "$(TARGET_NAME)";
				SWIFT_VERSION = 5.0;
				TARGETED_DEVICE_FAMILY = 1;
			};
			name = Release;
		};
/* End XCBuildConfiguration section */

/* Begin XCConfigurationList section */
		375AF59724C8B4C50039985E /* Build configuration list for PBXProject "SearchApp" */ = {
			isa = XCConfigurationList;
			buildConfigurations = (
				375AF5AE24C8B4C70039985E /* Debug */,
				375AF5AF24C8B4C70039985E /* Release */,
			);
			defaultConfigurationIsVisible = 0;
			defaultConfigurationName = Release;
		};
		375AF5B024C8B4C70039985E /* Build configuration list for PBXNativeTarget "SearchApp" */ = {
			isa = XCConfigurationList;
			buildConfigurations = (
				375AF5B124C8B4C70039985E /* Debug */,
				375AF5B224C8B4C70039985E /* Release */,
			);
			defaultConfigurationIsVisible = 0;
			defaultConfigurationName = Release;
		};
/* End XCConfigurationList section */
	};
	rootObject = 375AF59424C8B4C50039985E /* Project object */;
}
